// !$*UTF8*$!
{
	archiveVersion = 1;
	classes = {
	};
	objectVersion = 50;
	objects = {

/* Begin PBXBuildFile section */
		333E5AC2291882BD8B4DEC71 /* Pods_OZHTests.framework in Frameworks */ = {isa = PBXBuildFile; fileRef = 5306FBAAFBCA408372BA10FA /* Pods_OZHTests.framework */; };
		7F1C9E4886D398F24385301B /* Pods_OZH.framework in Frameworks */ = {isa = PBXBuildFile; fileRef = 792A7B6AB2044CAD666DEE26 /* Pods_OZH.framework */; };
		CC3BDD712A2A221BFA672C3E /* Pods_OZHUITests.framework in Frameworks */ = {isa = PBXBuildFile; fileRef = A3415CCAEB6048CA8B6D9010 /* Pods_OZHUITests.framework */; };
		F30C7B0D20785F5B00F71E84 /* Assets.xcassets in Resources */ = {isa = PBXBuildFile; fileRef = F30C7B0C20785F5B00F71E84 /* Assets.xcassets */; };
		F30C7B0F20785F7300F71E84 /* tabbar.xcassets in Resources */ = {isa = PBXBuildFile; fileRef = F30C7B0E20785F7300F71E84 /* tabbar.xcassets */; };
		F30C7B12207863FA00F71E84 /* XSTabBarViewController.m in Sources */ = {isa = PBXBuildFile; fileRef = F30C7B11207863FA00F71E84 /* XSTabBarViewController.m */; };
		F33126352073FAE0000AB485 /* AppDelegate.m in Sources */ = {isa = PBXBuildFile; fileRef = F33126342073FAE0000AB485 /* AppDelegate.m */; };
		F33126382073FAE0000AB485 /* XSBaseViewController.m in Sources */ = {isa = PBXBuildFile; fileRef = F33126372073FAE0000AB485 /* XSBaseViewController.m */; };
		F33126432073FAE2000AB485 /* main.m in Sources */ = {isa = PBXBuildFile; fileRef = F33126422073FAE2000AB485 /* main.m */; };
		F331264D2073FAE2000AB485 /* OZHTests.m in Sources */ = {isa = PBXBuildFile; fileRef = F331264C2073FAE2000AB485 /* OZHTests.m */; };
		F33126582073FAE2000AB485 /* OZHUITests.m in Sources */ = {isa = PBXBuildFile; fileRef = F33126572073FAE2000AB485 /* OZHUITests.m */; };
		F3ACF7CC207BA45A00095C15 /* XSClientManager.m in Sources */ = {isa = PBXBuildFile; fileRef = F3ACF7CB207BA45A00095C15 /* XSClientManager.m */; };
		F3ACF7CE207BB20900095C15 /* XSClientManagerTests.m in Sources */ = {isa = PBXBuildFile; fileRef = F3ACF7CD207BB20900095C15 /* XSClientManagerTests.m */; };
		F3ECF4F12081DBDA00306BF4 /* XSZHHomeViewController.m in Sources */ = {isa = PBXBuildFile; fileRef = F3ECF4F02081DBDA00306BF4 /* XSZHHomeViewController.m */; };
/* End PBXBuildFile section */

/* Begin PBXContainerItemProxy section */
		F33126492073FAE2000AB485 /* PBXContainerItemProxy */ = {
			isa = PBXContainerItemProxy;
			containerPortal = F33126282073FAE0000AB485 /* Project object */;
			proxyType = 1;
			remoteGlobalIDString = F331262F2073FAE0000AB485;
			remoteInfo = OZH;
		};
		F33126542073FAE2000AB485 /* PBXContainerItemProxy */ = {
			isa = PBXContainerItemProxy;
			containerPortal = F33126282073FAE0000AB485 /* Project object */;
			proxyType = 1;
			remoteGlobalIDString = F331262F2073FAE0000AB485;
			remoteInfo = OZH;
		};
/* End PBXContainerItemProxy section */

/* Begin PBXFileReference section */
		20455A654D5F5D4FDC82BFDB /* Pods-OZH.debug.xcconfig */ = {isa = PBXFileReference; includeInIndex = 1; lastKnownFileType = text.xcconfig; name = "Pods-OZH.debug.xcconfig"; path = "Pods/Target Support Files/Pods-OZH/Pods-OZH.debug.xcconfig"; sourceTree = "<group>"; };
		42627ED3B44677724D57A659 /* Pods-OZHTests.debug.xcconfig */ = {isa = PBXFileReference; includeInIndex = 1; lastKnownFileType = text.xcconfig; name = "Pods-OZHTests.debug.xcconfig"; path = "Pods/Target Support Files/Pods-OZHTests/Pods-OZHTests.debug.xcconfig"; sourceTree = "<group>"; };
		5306FBAAFBCA408372BA10FA /* Pods_OZHTests.framework */ = {isa = PBXFileReference; explicitFileType = wrapper.framework; includeInIndex = 0; path = Pods_OZHTests.framework; sourceTree = BUILT_PRODUCTS_DIR; };
		5C32A646153F4157A29AD1A9 /* Pods-OZHUITests.release.xcconfig */ = {isa = PBXFileReference; includeInIndex = 1; lastKnownFileType = text.xcconfig; name = "Pods-OZHUITests.release.xcconfig"; path = "Pods/Target Support Files/Pods-OZHUITests/Pods-OZHUITests.release.xcconfig"; sourceTree = "<group>"; };
		732D62D520A9A4AFA2EFB0D8 /* Pods-OZH.release.xcconfig */ = {isa = PBXFileReference; includeInIndex = 1; lastKnownFileType = text.xcconfig; name = "Pods-OZH.release.xcconfig"; path = "Pods/Target Support Files/Pods-OZH/Pods-OZH.release.xcconfig"; sourceTree = "<group>"; };
		792A7B6AB2044CAD666DEE26 /* Pods_OZH.framework */ = {isa = PBXFileReference; explicitFileType = wrapper.framework; includeInIndex = 0; path = Pods_OZH.framework; sourceTree = BUILT_PRODUCTS_DIR; };
		A3415CCAEB6048CA8B6D9010 /* Pods_OZHUITests.framework */ = {isa = PBXFileReference; explicitFileType = wrapper.framework; includeInIndex = 0; path = Pods_OZHUITests.framework; sourceTree = BUILT_PRODUCTS_DIR; };
		A3C1B56465B47E5F507CC9D6 /* Pods-OZHTests.release.xcconfig */ = {isa = PBXFileReference; includeInIndex = 1; lastKnownFileType = text.xcconfig; name = "Pods-OZHTests.release.xcconfig"; path = "Pods/Target Support Files/Pods-OZHTests/Pods-OZHTests.release.xcconfig"; sourceTree = "<group>"; };
		E26F26B1380297D6D51101D5 /* Pods-OZHUITests.debug.xcconfig */ = {isa = PBXFileReference; includeInIndex = 1; lastKnownFileType = text.xcconfig; name = "Pods-OZHUITests.debug.xcconfig"; path = "Pods/Target Support Files/Pods-OZHUITests/Pods-OZHUITests.debug.xcconfig"; sourceTree = "<group>"; };
		F30C7B0C20785F5B00F71E84 /* Assets.xcassets */ = {isa = PBXFileReference; lastKnownFileType = folder.assetcatalog; path = Assets.xcassets; sourceTree = "<group>"; };
		F30C7B0E20785F7300F71E84 /* tabbar.xcassets */ = {isa = PBXFileReference; lastKnownFileType = folder.assetcatalog; path = tabbar.xcassets; sourceTree = "<group>"; };
		F30C7B10207863FA00F71E84 /* XSTabBarViewController.h */ = {isa = PBXFileReference; lastKnownFileType = sourcecode.c.h; path = XSTabBarViewController.h; sourceTree = "<group>"; };
		F30C7B11207863FA00F71E84 /* XSTabBarViewController.m */ = {isa = PBXFileReference; lastKnownFileType = sourcecode.c.objc; path = XSTabBarViewController.m; sourceTree = "<group>"; };
		F33126302073FAE0000AB485 /* OZH.app */ = {isa = PBXFileReference; explicitFileType = wrapper.application; includeInIndex = 0; path = OZH.app; sourceTree = BUILT_PRODUCTS_DIR; };
		F33126332073FAE0000AB485 /* AppDelegate.h */ = {isa = PBXFileReference; lastKnownFileType = sourcecode.c.h; path = AppDelegate.h; sourceTree = "<group>"; };
		F33126342073FAE0000AB485 /* AppDelegate.m */ = {isa = PBXFileReference; lastKnownFileType = sourcecode.c.objc; path = AppDelegate.m; sourceTree = "<group>"; };
		F33126362073FAE0000AB485 /* XSBaseViewController.h */ = {isa = PBXFileReference; lastKnownFileType = sourcecode.c.h; path = XSBaseViewController.h; sourceTree = "<group>"; };
		F33126372073FAE0000AB485 /* XSBaseViewController.m */ = {isa = PBXFileReference; lastKnownFileType = sourcecode.c.objc; path = XSBaseViewController.m; sourceTree = "<group>"; };
		F33126412073FAE2000AB485 /* Info.plist */ = {isa = PBXFileReference; lastKnownFileType = text.plist.xml; path = Info.plist; sourceTree = "<group>"; };
		F33126422073FAE2000AB485 /* main.m */ = {isa = PBXFileReference; lastKnownFileType = sourcecode.c.objc; path = main.m; sourceTree = "<group>"; };
		F33126482073FAE2000AB485 /* OZHTests.xctest */ = {isa = PBXFileReference; explicitFileType = wrapper.cfbundle; includeInIndex = 0; path = OZHTests.xctest; sourceTree = BUILT_PRODUCTS_DIR; };
		F331264C2073FAE2000AB485 /* OZHTests.m */ = {isa = PBXFileReference; lastKnownFileType = sourcecode.c.objc; path = OZHTests.m; sourceTree = "<group>"; };
		F331264E2073FAE2000AB485 /* Info.plist */ = {isa = PBXFileReference; lastKnownFileType = text.plist.xml; path = Info.plist; sourceTree = "<group>"; };
		F33126532073FAE2000AB485 /* OZHUITests.xctest */ = {isa = PBXFileReference; explicitFileType = wrapper.cfbundle; includeInIndex = 0; path = OZHUITests.xctest; sourceTree = BUILT_PRODUCTS_DIR; };
		F33126572073FAE2000AB485 /* OZHUITests.m */ = {isa = PBXFileReference; lastKnownFileType = sourcecode.c.objc; path = OZHUITests.m; sourceTree = "<group>"; };
		F33126592073FAE2000AB485 /* Info.plist */ = {isa = PBXFileReference; lastKnownFileType = text.plist.xml; path = Info.plist; sourceTree = "<group>"; };
		F3ACF7CA207BA45A00095C15 /* XSClientManager.h */ = {isa = PBXFileReference; lastKnownFileType = sourcecode.c.h; path = XSClientManager.h; sourceTree = "<group>"; };
		F3ACF7CB207BA45A00095C15 /* XSClientManager.m */ = {isa = PBXFileReference; lastKnownFileType = sourcecode.c.objc; path = XSClientManager.m; sourceTree = "<group>"; };
		F3ACF7CD207BB20900095C15 /* XSClientManagerTests.m */ = {isa = PBXFileReference; lastKnownFileType = sourcecode.c.objc; path = XSClientManagerTests.m; sourceTree = "<group>"; };
		F3ECF4EF2081DBDA00306BF4 /* XSZHHomeViewController.h */ = {isa = PBXFileReference; lastKnownFileType = sourcecode.c.h; path = XSZHHomeViewController.h; sourceTree = "<group>"; };
		F3ECF4F02081DBDA00306BF4 /* XSZHHomeViewController.m */ = {isa = PBXFileReference; lastKnownFileType = sourcecode.c.objc; path = XSZHHomeViewController.m; sourceTree = "<group>"; };
/* End PBXFileReference section */

/* Begin PBXFrameworksBuildPhase section */
		F331262D2073FAE0000AB485 /* Frameworks */ = {
			isa = PBXFrameworksBuildPhase;
			buildActionMask = 2147483647;
			files = (
				7F1C9E4886D398F24385301B /* Pods_OZH.framework in Frameworks */,
			);
			runOnlyForDeploymentPostprocessing = 0;
		};
		F33126452073FAE2000AB485 /* Frameworks */ = {
			isa = PBXFrameworksBuildPhase;
			buildActionMask = 2147483647;
			files = (
				333E5AC2291882BD8B4DEC71 /* Pods_OZHTests.framework in Frameworks */,
			);
			runOnlyForDeploymentPostprocessing = 0;
		};
		F33126502073FAE2000AB485 /* Frameworks */ = {
			isa = PBXFrameworksBuildPhase;
			buildActionMask = 2147483647;
			files = (
				CC3BDD712A2A221BFA672C3E /* Pods_OZHUITests.framework in Frameworks */,
			);
			runOnlyForDeploymentPostprocessing = 0;
		};
/* End PBXFrameworksBuildPhase section */

/* Begin PBXGroup section */
		5397FABA77146C9A420A8FFA /* Frameworks */ = {
			isa = PBXGroup;
			children = (
				792A7B6AB2044CAD666DEE26 /* Pods_OZH.framework */,
				5306FBAAFBCA408372BA10FA /* Pods_OZHTests.framework */,
				A3415CCAEB6048CA8B6D9010 /* Pods_OZHUITests.framework */,
			);
			name = Frameworks;
			sourceTree = "<group>";
		};
		BB4EE32DAAE684FDF34BB0CE /* Pods */ = {
			isa = PBXGroup;
			children = (
				20455A654D5F5D4FDC82BFDB /* Pods-OZH.debug.xcconfig */,
				732D62D520A9A4AFA2EFB0D8 /* Pods-OZH.release.xcconfig */,
				42627ED3B44677724D57A659 /* Pods-OZHTests.debug.xcconfig */,
				A3C1B56465B47E5F507CC9D6 /* Pods-OZHTests.release.xcconfig */,
				E26F26B1380297D6D51101D5 /* Pods-OZHUITests.debug.xcconfig */,
				5C32A646153F4157A29AD1A9 /* Pods-OZHUITests.release.xcconfig */,
			);
			name = Pods;
			sourceTree = "<group>";
		};
		F30C7B0B20785F5B00F71E84 /* Resource */ = {
			isa = PBXGroup;
			children = (
				F30C7B0C20785F5B00F71E84 /* Assets.xcassets */,
				F30C7B0E20785F7300F71E84 /* tabbar.xcassets */,
			);
			path = Resource;
			sourceTree = "<group>";
		};
		F33126272073FAE0000AB485 = {
			isa = PBXGroup;
			children = (
				F33126322073FAE0000AB485 /* OZH */,
				F331264B2073FAE2000AB485 /* OZHTests */,
				F33126562073FAE2000AB485 /* OZHUITests */,
				F33126312073FAE0000AB485 /* Products */,
				BB4EE32DAAE684FDF34BB0CE /* Pods */,
				5397FABA77146C9A420A8FFA /* Frameworks */,
			);
			sourceTree = "<group>";
		};
		F33126312073FAE0000AB485 /* Products */ = {
			isa = PBXGroup;
			children = (
				F33126302073FAE0000AB485 /* OZH.app */,
				F33126482073FAE2000AB485 /* OZHTests.xctest */,
				F33126532073FAE2000AB485 /* OZHUITests.xctest */,
			);
			name = Products;
			sourceTree = "<group>";
		};
		F33126322073FAE0000AB485 /* OZH */ = {
			isa = PBXGroup;
			children = (
				F30C7B0B20785F5B00F71E84 /* Resource */,
				F3ECF4EE2081DBAF00306BF4 /* ZH */,
				F33126332073FAE0000AB485 /* AppDelegate.h */,
				F33126342073FAE0000AB485 /* AppDelegate.m */,
				F33126362073FAE0000AB485 /* XSBaseViewController.h */,
				F33126372073FAE0000AB485 /* XSBaseViewController.m */,
				F33126412073FAE2000AB485 /* Info.plist */,
				F33126422073FAE2000AB485 /* main.m */,
				F30C7B10207863FA00F71E84 /* XSTabBarViewController.h */,
				F30C7B11207863FA00F71E84 /* XSTabBarViewController.m */,
				F3ACF7CA207BA45A00095C15 /* XSClientManager.h */,
				F3ACF7CB207BA45A00095C15 /* XSClientManager.m */,
			);
			path = OZH;
			sourceTree = "<group>";
		};
		F331264B2073FAE2000AB485 /* OZHTests */ = {
			isa = PBXGroup;
			children = (
				F331264C2073FAE2000AB485 /* OZHTests.m */,
				F331264E2073FAE2000AB485 /* Info.plist */,
				F3ACF7CD207BB20900095C15 /* XSClientManagerTests.m */,
			);
			path = OZHTests;
			sourceTree = "<group>";
		};
		F33126562073FAE2000AB485 /* OZHUITests */ = {
			isa = PBXGroup;
			children = (
				F33126572073FAE2000AB485 /* OZHUITests.m */,
				F33126592073FAE2000AB485 /* Info.plist */,
			);
			path = OZHUITests;
			sourceTree = "<group>";
		};
		F3ECF4EE2081DBAF00306BF4 /* ZH */ = {
			isa = PBXGroup;
			children = (
				F3ECF4EF2081DBDA00306BF4 /* XSZHHomeViewController.h */,
				F3ECF4F02081DBDA00306BF4 /* XSZHHomeViewController.m */,
			);
			path = ZH;
			sourceTree = "<group>";
		};
/* End PBXGroup section */

/* Begin PBXNativeTarget section */
		F331262F2073FAE0000AB485 /* OZH */ = {
			isa = PBXNativeTarget;
			buildConfigurationList = F331265C2073FAE2000AB485 /* Build configuration list for PBXNativeTarget "OZH" */;
			buildPhases = (
				559E5A261BCBD11A43F2BFBA /* [CP] Check Pods Manifest.lock */,
				F331262C2073FAE0000AB485 /* Sources */,
				F331262D2073FAE0000AB485 /* Frameworks */,
				F331262E2073FAE0000AB485 /* Resources */,
				49F3525F94D36EC6077A0071 /* [CP] Embed Pods Frameworks */,
				BA15AC0CE38E0B857A409202 /* [CP] Copy Pods Resources */,
			);
			buildRules = (
			);
			dependencies = (
			);
			name = OZH;
			productName = OZH;
			productReference = F33126302073FAE0000AB485 /* OZH.app */;
			productType = "com.apple.product-type.application";
		};
		F33126472073FAE2000AB485 /* OZHTests */ = {
			isa = PBXNativeTarget;
			buildConfigurationList = F331265F2073FAE2000AB485 /* Build configuration list for PBXNativeTarget "OZHTests" */;
			buildPhases = (
				6C6A12ABB3FEA6AC07A5D317 /* [CP] Check Pods Manifest.lock */,
				F33126442073FAE2000AB485 /* Sources */,
				F33126452073FAE2000AB485 /* Frameworks */,
				F33126462073FAE2000AB485 /* Resources */,
				A06871355BFA5AF8CC635107 /* [CP] Embed Pods Frameworks */,
				7D9C47C3F87DCC2972C2F6E5 /* [CP] Copy Pods Resources */,
			);
			buildRules = (
			);
			dependencies = (
				F331264A2073FAE2000AB485 /* PBXTargetDependency */,
			);
			name = OZHTests;
			productName = OZHTests;
			productReference = F33126482073FAE2000AB485 /* OZHTests.xctest */;
			productType = "com.apple.product-type.bundle.unit-test";
		};
		F33126522073FAE2000AB485 /* OZHUITests */ = {
			isa = PBXNativeTarget;
			buildConfigurationList = F33126622073FAE2000AB485 /* Build configuration list for PBXNativeTarget "OZHUITests" */;
			buildPhases = (
				BAF56DAC420DC670A2106250 /* [CP] Check Pods Manifest.lock */,
				F331264F2073FAE2000AB485 /* Sources */,
				F33126502073FAE2000AB485 /* Frameworks */,
				F33126512073FAE2000AB485 /* Resources */,
				8EF83274C42C6372DE7897D1 /* [CP] Embed Pods Frameworks */,
				A26CE29331B2D497C42FBE6E /* [CP] Copy Pods Resources */,
			);
			buildRules = (
			);
			dependencies = (
				F33126552073FAE2000AB485 /* PBXTargetDependency */,
			);
			name = OZHUITests;
			productName = OZHUITests;
			productReference = F33126532073FAE2000AB485 /* OZHUITests.xctest */;
			productType = "com.apple.product-type.bundle.ui-testing";
		};
/* End PBXNativeTarget section */

/* Begin PBXProject section */
		F33126282073FAE0000AB485 /* Project object */ = {
			isa = PBXProject;
			attributes = {
				LastUpgradeCheck = 0930;
				ORGANIZATIONNAME = xingshao;
				TargetAttributes = {
					F331262F2073FAE0000AB485 = {
						CreatedOnToolsVersion = 9.3;
					};
					F33126472073FAE2000AB485 = {
						CreatedOnToolsVersion = 9.3;
						TestTargetID = F331262F2073FAE0000AB485;
					};
					F33126522073FAE2000AB485 = {
						CreatedOnToolsVersion = 9.3;
						TestTargetID = F331262F2073FAE0000AB485;
					};
				};
			};
			buildConfigurationList = F331262B2073FAE0000AB485 /* Build configuration list for PBXProject "OZH" */;
			compatibilityVersion = "Xcode 9.3";
			developmentRegion = en;
			hasScannedForEncodings = 0;
			knownRegions = (
				en,
				Base,
			);
			mainGroup = F33126272073FAE0000AB485;
			productRefGroup = F33126312073FAE0000AB485 /* Products */;
			projectDirPath = "";
			projectRoot = "";
			targets = (
				F331262F2073FAE0000AB485 /* OZH */,
				F33126472073FAE2000AB485 /* OZHTests */,
				F33126522073FAE2000AB485 /* OZHUITests */,
			);
		};
/* End PBXProject section */

/* Begin PBXResourcesBuildPhase section */
		F331262E2073FAE0000AB485 /* Resources */ = {
			isa = PBXResourcesBuildPhase;
			buildActionMask = 2147483647;
			files = (
				F30C7B0D20785F5B00F71E84 /* Assets.xcassets in Resources */,
				F30C7B0F20785F7300F71E84 /* tabbar.xcassets in Resources */,
			);
			runOnlyForDeploymentPostprocessing = 0;
		};
		F33126462073FAE2000AB485 /* Resources */ = {
			isa = PBXResourcesBuildPhase;
			buildActionMask = 2147483647;
			files = (
			);
			runOnlyForDeploymentPostprocessing = 0;
		};
		F33126512073FAE2000AB485 /* Resources */ = {
			isa = PBXResourcesBuildPhase;
			buildActionMask = 2147483647;
			files = (
			);
			runOnlyForDeploymentPostprocessing = 0;
		};
/* End PBXResourcesBuildPhase section */

/* Begin PBXShellScriptBuildPhase section */
		49F3525F94D36EC6077A0071 /* [CP] Embed Pods Frameworks */ = {
			isa = PBXShellScriptBuildPhase;
			buildActionMask = 2147483647;
			files = (
			);
			inputPaths = (
				"${SRCROOT}/Pods/Target Support Files/Pods-OZH/Pods-OZH-frameworks.sh",
				"${BUILT_PRODUCTS_DIR}/AFNetworking/AFNetworking.framework",
				"${BUILT_PRODUCTS_DIR}/YYModel/YYModel.framework",
			);
			name = "[CP] Embed Pods Frameworks";
			outputPaths = (
				"${TARGET_BUILD_DIR}/${FRAMEWORKS_FOLDER_PATH}/AFNetworking.framework",
				"${TARGET_BUILD_DIR}/${FRAMEWORKS_FOLDER_PATH}/YYModel.framework",
			);
			runOnlyForDeploymentPostprocessing = 0;
			shellPath = /bin/sh;
			shellScript = "\"${SRCROOT}/Pods/Target Support Files/Pods-OZH/Pods-OZH-frameworks.sh\"\n";
			showEnvVarsInLog = 0;
		};
		559E5A261BCBD11A43F2BFBA /* [CP] Check Pods Manifest.lock */ = {
			isa = PBXShellScriptBuildPhase;
			buildActionMask = 2147483647;
			files = (
			);
			inputPaths = (
				"${PODS_PODFILE_DIR_PATH}/Podfile.lock",
				"${PODS_ROOT}/Manifest.lock",
			);
			name = "[CP] Check Pods Manifest.lock";
			outputPaths = (
				"$(DERIVED_FILE_DIR)/Pods-OZH-checkManifestLockResult.txt",
			);
			runOnlyForDeploymentPostprocessing = 0;
			shellPath = /bin/sh;
			shellScript = "diff \"${PODS_PODFILE_DIR_PATH}/Podfile.lock\" \"${PODS_ROOT}/Manifest.lock\" > /dev/null\nif [ $? != 0 ] ; then\n    # print error to STDERR\n    echo \"error: The sandbox is not in sync with the Podfile.lock. Run 'pod install' or update your CocoaPods installation.\" >&2\n    exit 1\nfi\n# This output is used by Xcode 'outputs' to avoid re-running this script phase.\necho \"SUCCESS\" > \"${SCRIPT_OUTPUT_FILE_0}\"\n";
			showEnvVarsInLog = 0;
		};
		6C6A12ABB3FEA6AC07A5D317 /* [CP] Check Pods Manifest.lock */ = {
			isa = PBXShellScriptBuildPhase;
			buildActionMask = 2147483647;
			files = (
			);
			inputPaths = (
				"${PODS_PODFILE_DIR_PATH}/Podfile.lock",
				"${PODS_ROOT}/Manifest.lock",
			);
			name = "[CP] Check Pods Manifest.lock";
			outputPaths = (
				"$(DERIVED_FILE_DIR)/Pods-OZHTests-checkManifestLockResult.txt",
			);
			runOnlyForDeploymentPostprocessing = 0;
			shellPath = /bin/sh;
			shellScript = "diff \"${PODS_PODFILE_DIR_PATH}/Podfile.lock\" \"${PODS_ROOT}/Manifest.lock\" > /dev/null\nif [ $? != 0 ] ; then\n    # print error to STDERR\n    echo \"error: The sandbox is not in sync with the Podfile.lock. Run 'pod install' or update your CocoaPods installation.\" >&2\n    exit 1\nfi\n# This output is used by Xcode 'outputs' to avoid re-running this script phase.\necho \"SUCCESS\" > \"${SCRIPT_OUTPUT_FILE_0}\"\n";
			showEnvVarsInLog = 0;
		};
		7D9C47C3F87DCC2972C2F6E5 /* [CP] Copy Pods Resources */ = {
			isa = PBXShellScriptBuildPhase;
			buildActionMask = 2147483647;
			files = (
			);
			inputPaths = (
			);
			name = "[CP] Copy Pods Resources";
			outputPaths = (
			);
			runOnlyForDeploymentPostprocessing = 0;
			shellPath = /bin/sh;
			shellScript = "\"${SRCROOT}/Pods/Target Support Files/Pods-OZHTests/Pods-OZHTests-resources.sh\"\n";
			showEnvVarsInLog = 0;
		};
		8EF83274C42C6372DE7897D1 /* [CP] Embed Pods Frameworks */ = {
			isa = PBXShellScriptBuildPhase;
			buildActionMask = 2147483647;
			files = (
			);
			inputPaths = (
			);
			name = "[CP] Embed Pods Frameworks";
			outputPaths = (
			);
			runOnlyForDeploymentPostprocessing = 0;
			shellPath = /bin/sh;
			shellScript = "\"${SRCROOT}/Pods/Target Support Files/Pods-OZHUITests/Pods-OZHUITests-frameworks.sh\"\n";
			showEnvVarsInLog = 0;
		};
		A06871355BFA5AF8CC635107 /* [CP] Embed Pods Frameworks */ = {
			isa = PBXShellScriptBuildPhase;
			buildActionMask = 2147483647;
			files = (
			);
			inputPaths = (
			);
			name = "[CP] Embed Pods Frameworks";
			outputPaths = (
			);
			runOnlyForDeploymentPostprocessing = 0;
			shellPath = /bin/sh;
			shellScript = "\"${SRCROOT}/Pods/Target Support Files/Pods-OZHTests/Pods-OZHTests-frameworks.sh\"\n";
			showEnvVarsInLog = 0;
		};
		A26CE29331B2D497C42FBE6E /* [CP] Copy Pods Resources */ = {
			isa = PBXShellScriptBuildPhase;
			buildActionMask = 2147483647;
			files = (
			);
			inputPaths = (
			);
			name = "[CP] Copy Pods Resources";
			outputPaths = (
			);
			runOnlyForDeploymentPostprocessing = 0;
			shellPath = /bin/sh;
			shellScript = "\"${SRCROOT}/Pods/Target Support Files/Pods-OZHUITests/Pods-OZHUITests-resources.sh\"\n";
			showEnvVarsInLog = 0;
		};
		BA15AC0CE38E0B857A409202 /* [CP] Copy Pods Resources */ = {
			isa = PBXShellScriptBuildPhase;
			buildActionMask = 2147483647;
			files = (
			);
			inputPaths = (
			);
			name = "[CP] Copy Pods Resources";
			outputPaths = (
			);
			runOnlyForDeploymentPostprocessing = 0;
			shellPath = /bin/sh;
			shellScript = "\"${SRCROOT}/Pods/Target Support Files/Pods-OZH/Pods-OZH-resources.sh\"\n";
			showEnvVarsInLog = 0;
		};
		BAF56DAC420DC670A2106250 /* [CP] Check Pods Manifest.lock */ = {
			isa = PBXShellScriptBuildPhase;
			buildActionMask = 2147483647;
			files = (
			);
			inputPaths = (
				"${PODS_PODFILE_DIR_PATH}/Podfile.lock",
				"${PODS_ROOT}/Manifest.lock",
			);
			name = "[CP] Check Pods Manifest.lock";
			outputPaths = (
				"$(DERIVED_FILE_DIR)/Pods-OZHUITests-checkManifestLockResult.txt",
			);
			runOnlyForDeploymentPostprocessing = 0;
			shellPath = /bin/sh;
			shellScript = "diff \"${PODS_PODFILE_DIR_PATH}/Podfile.lock\" \"${PODS_ROOT}/Manifest.lock\" > /dev/null\nif [ $? != 0 ] ; then\n    # print error to STDERR\n    echo \"error: The sandbox is not in sync with the Podfile.lock. Run 'pod install' or update your CocoaPods installation.\" >&2\n    exit 1\nfi\n# This output is used by Xcode 'outputs' to avoid re-running this script phase.\necho \"SUCCESS\" > \"${SCRIPT_OUTPUT_FILE_0}\"\n";
			showEnvVarsInLog = 0;
		};
/* End PBXShellScriptBuildPhase section */

/* Begin PBXSourcesBuildPhase section */
		F331262C2073FAE0000AB485 /* Sources */ = {
			isa = PBXSourcesBuildPhase;
			buildActionMask = 2147483647;
			files = (
				F3ECF4F12081DBDA00306BF4 /* XSZHHomeViewController.m in Sources */,
				F33126382073FAE0000AB485 /* XSBaseViewController.m in Sources */,
				F30C7B12207863FA00F71E84 /* XSTabBarViewController.m in Sources */,
				F33126432073FAE2000AB485 /* main.m in Sources */,
				F33126352073FAE0000AB485 /* AppDelegate.m in Sources */,
				F3ACF7CC207BA45A00095C15 /* XSClientManager.m in Sources */,
			);
			runOnlyForDeploymentPostprocessing = 0;
		};
		F33126442073FAE2000AB485 /* Sources */ = {
			isa = PBXSourcesBuildPhase;
			buildActionMask = 2147483647;
			files = (
				F331264D2073FAE2000AB485 /* OZHTests.m in Sources */,
				F3ACF7CE207BB20900095C15 /* XSClientManagerTests.m in Sources */,
			);
			runOnlyForDeploymentPostprocessing = 0;
		};
		F331264F2073FAE2000AB485 /* Sources */ = {
			isa = PBXSourcesBuildPhase;
			buildActionMask = 2147483647;
			files = (
				F33126582073FAE2000AB485 /* OZHUITests.m in Sources */,
			);
			runOnlyForDeploymentPostprocessing = 0;
		};
/* End PBXSourcesBuildPhase section */

/* Begin PBXTargetDependency section */
		F331264A2073FAE2000AB485 /* PBXTargetDependency */ = {
			isa = PBXTargetDependency;
			target = F331262F2073FAE0000AB485 /* OZH */;
			targetProxy = F33126492073FAE2000AB485 /* PBXContainerItemProxy */;
		};
		F33126552073FAE2000AB485 /* PBXTargetDependency */ = {
			isa = PBXTargetDependency;
			target = F331262F2073FAE0000AB485 /* OZH */;
			targetProxy = F33126542073FAE2000AB485 /* PBXContainerItemProxy */;
		};
/* End PBXTargetDependency section */

/* Begin XCBuildConfiguration section */
		F331265A2073FAE2000AB485 /* Debug */ = {
			isa = XCBuildConfiguration;
			buildSettings = {
				ALWAYS_SEARCH_USER_PATHS = NO;
				CLANG_ANALYZER_NONNULL = YES;
				CLANG_ANALYZER_NUMBER_OBJECT_CONVERSION = YES_AGGRESSIVE;
				CLANG_CXX_LANGUAGE_STANDARD = "gnu++14";
				CLANG_CXX_LIBRARY = "libc++";
				CLANG_ENABLE_MODULES = YES;
				CLANG_ENABLE_OBJC_ARC = YES;
				CLANG_ENABLE_OBJC_WEAK = YES;
				CLANG_WARN_BLOCK_CAPTURE_AUTORELEASING = YES;
				CLANG_WARN_BOOL_CONVERSION = YES;
				CLANG_WARN_COMMA = YES;
				CLANG_WARN_CONSTANT_CONVERSION = YES;
				CLANG_WARN_DEPRECATED_OBJC_IMPLEMENTATIONS = YES;
				CLANG_WARN_DIRECT_OBJC_ISA_USAGE = YES_ERROR;
				CLANG_WARN_DOCUMENTATION_COMMENTS = YES;
				CLANG_WARN_EMPTY_BODY = YES;
				CLANG_WARN_ENUM_CONVERSION = YES;
				CLANG_WARN_INFINITE_RECURSION = YES;
				CLANG_WARN_INT_CONVERSION = YES;
				CLANG_WARN_NON_LITERAL_NULL_CONVERSION = YES;
				CLANG_WARN_OBJC_IMPLICIT_RETAIN_SELF = YES;
				CLANG_WARN_OBJC_LITERAL_CONVERSION = YES;
				CLANG_WARN_OBJC_ROOT_CLASS = YES_ERROR;
				CLANG_WARN_RANGE_LOOP_ANALYSIS = YES;
				CLANG_WARN_STRICT_PROTOTYPES = YES;
				CLANG_WARN_SUSPICIOUS_MOVE = YES;
				CLANG_WARN_UNGUARDED_AVAILABILITY = YES_AGGRESSIVE;
				CLANG_WARN_UNREACHABLE_CODE = YES;
				CLANG_WARN__DUPLICATE_METHOD_MATCH = YES;
				CODE_SIGN_IDENTITY = "iPhone Developer";
				COPY_PHASE_STRIP = NO;
				DEBUG_INFORMATION_FORMAT = dwarf;
				ENABLE_STRICT_OBJC_MSGSEND = YES;
				ENABLE_TESTABILITY = YES;
				GCC_C_LANGUAGE_STANDARD = gnu11;
				GCC_DYNAMIC_NO_PIC = NO;
				GCC_NO_COMMON_BLOCKS = YES;
				GCC_OPTIMIZATION_LEVEL = 0;
				GCC_PREPROCESSOR_DEFINITIONS = (
					"DEBUG=1",
					"$(inherited)",
				);
				GCC_WARN_64_TO_32_BIT_CONVERSION = YES;
				GCC_WARN_ABOUT_RETURN_TYPE = YES_ERROR;
				GCC_WARN_UNDECLARED_SELECTOR = YES;
				GCC_WARN_UNINITIALIZED_AUTOS = YES_AGGRESSIVE;
				GCC_WARN_UNUSED_FUNCTION = YES;
				GCC_WARN_UNUSED_VARIABLE = YES;
				IPHONEOS_DEPLOYMENT_TARGET = 11.3;
				MTL_ENABLE_DEBUG_INFO = YES;
				ONLY_ACTIVE_ARCH = YES;
				SDKROOT = iphoneos;
			};
			name = Debug;
		};
		F331265B2073FAE2000AB485 /* Release */ = {
			isa = XCBuildConfiguration;
			buildSettings = {
				ALWAYS_SEARCH_USER_PATHS = NO;
				CLANG_ANALYZER_NONNULL = YES;
				CLANG_ANALYZER_NUMBER_OBJECT_CONVERSION = YES_AGGRESSIVE;
				CLANG_CXX_LANGUAGE_STANDARD = "gnu++14";
				CLANG_CXX_LIBRARY = "libc++";
				CLANG_ENABLE_MODULES = YES;
				CLANG_ENABLE_OBJC_ARC = YES;
				CLANG_ENABLE_OBJC_WEAK = YES;
				CLANG_WARN_BLOCK_CAPTURE_AUTORELEASING = YES;
				CLANG_WARN_BOOL_CONVERSION = YES;
				CLANG_WARN_COMMA = YES;
				CLANG_WARN_CONSTANT_CONVERSION = YES;
				CLANG_WARN_DEPRECATED_OBJC_IMPLEMENTATIONS = YES;
				CLANG_WARN_DIRECT_OBJC_ISA_USAGE = YES_ERROR;
				CLANG_WARN_DOCUMENTATION_COMMENTS = YES;
				CLANG_WARN_EMPTY_BODY = YES;
				CLANG_WARN_ENUM_CONVERSION = YES;
				CLANG_WARN_INFINITE_RECURSION = YES;
				CLANG_WARN_INT_CONVERSION = YES;
				CLANG_WARN_NON_LITERAL_NULL_CONVERSION = YES;
				CLANG_WARN_OBJC_IMPLICIT_RETAIN_SELF = YES;
				CLANG_WARN_OBJC_LITERAL_CONVERSION = YES;
				CLANG_WARN_OBJC_ROOT_CLASS = YES_ERROR;
				CLANG_WARN_RANGE_LOOP_ANALYSIS = YES;
				CLANG_WARN_STRICT_PROTOTYPES = YES;
				CLANG_WARN_SUSPICIOUS_MOVE = YES;
				CLANG_WARN_UNGUARDED_AVAILABILITY = YES_AGGRESSIVE;
				CLANG_WARN_UNREACHABLE_CODE = YES;
				CLANG_WARN__DUPLICATE_METHOD_MATCH = YES;
				CODE_SIGN_IDENTITY = "iPhone Developer";
				COPY_PHASE_STRIP = NO;
				DEBUG_INFORMATION_FORMAT = "dwarf-with-dsym";
				ENABLE_NS_ASSERTIONS = NO;
				ENABLE_STRICT_OBJC_MSGSEND = YES;
				GCC_C_LANGUAGE_STANDARD = gnu11;
				GCC_NO_COMMON_BLOCKS = YES;
				GCC_WARN_64_TO_32_BIT_CONVERSION = YES;
				GCC_WARN_ABOUT_RETURN_TYPE = YES_ERROR;
				GCC_WARN_UNDECLARED_SELECTOR = YES;
				GCC_WARN_UNINITIALIZED_AUTOS = YES_AGGRESSIVE;
				GCC_WARN_UNUSED_FUNCTION = YES;
				GCC_WARN_UNUSED_VARIABLE = YES;
				IPHONEOS_DEPLOYMENT_TARGET = 11.3;
				MTL_ENABLE_DEBUG_INFO = NO;
				SDKROOT = iphoneos;
				VALIDATE_PRODUCT = YES;
			};
			name = Release;
		};
		F331265D2073FAE2000AB485 /* Debug */ = {
			isa = XCBuildConfiguration;
			baseConfigurationReference = 20455A654D5F5D4FDC82BFDB /* Pods-OZH.debug.xcconfig */;
			buildSettings = {
				ASSETCATALOG_COMPILER_APPICON_NAME = AppIcon;
				ASSETCATALOG_COMPILER_LAUNCHIMAGE_NAME = LaunchImage;
				CODE_SIGN_STYLE = Automatic;
				INFOPLIST_FILE = OZH/Info.plist;
				LD_RUNPATH_SEARCH_PATHS = "$(inherited) @executable_path/Frameworks";
				PRODUCT_BUNDLE_IDENTIFIER = xingshao.OZH;
				PRODUCT_NAME = "$(TARGET_NAME)";
				TARGETED_DEVICE_FAMILY = 1;
			};
			name = Debug;
		};
		F331265E2073FAE2000AB485 /* Release */ = {
			isa = XCBuildConfiguration;
			baseConfigurationReference = 732D62D520A9A4AFA2EFB0D8 /* Pods-OZH.release.xcconfig */;
			buildSettings = {
				ASSETCATALOG_COMPILER_APPICON_NAME = AppIcon;
				ASSETCATALOG_COMPILER_LAUNCHIMAGE_NAME = LaunchImage;
				CODE_SIGN_STYLE = Automatic;
				INFOPLIST_FILE = OZH/Info.plist;
				LD_RUNPATH_SEARCH_PATHS = "$(inherited) @executable_path/Frameworks";
				PRODUCT_BUNDLE_IDENTIFIER = xingshao.OZH;
				PRODUCT_NAME = "$(TARGET_NAME)";
				TARGETED_DEVICE_FAMILY = 1;
			};
			name = Release;
		};
		F33126602073FAE2000AB485 /* Debug */ = {
			isa = XCBuildConfiguration;
			baseConfigurationReference = 42627ED3B44677724D57A659 /* Pods-OZHTests.debug.xcconfig */;
			buildSettings = {
				BUNDLE_LOADER = "$(TEST_HOST)";
				CODE_SIGN_STYLE = Automatic;
				INFOPLIST_FILE = OZHTests/Info.plist;
				LD_RUNPATH_SEARCH_PATHS = "$(inherited) @executable_path/Frameworks @loader_path/Frameworks";
				PRODUCT_BUNDLE_IDENTIFIER = xingshao.OZHTests;
				PRODUCT_NAME = "$(TARGET_NAME)";
				TARGETED_DEVICE_FAMILY = "1,2";
				TEST_HOST = "$(BUILT_PRODUCTS_DIR)/OZH.app/OZH";
			};
			name = Debug;
		};
		F33126612073FAE2000AB485 /* Release */ = {
			isa = XCBuildConfiguration;
			baseConfigurationReference = A3C1B56465B47E5F507CC9D6 /* Pods-OZHTests.release.xcconfig */;
			buildSettings = {
				BUNDLE_LOADER = "$(TEST_HOST)";
				CODE_SIGN_STYLE = Automatic;
				INFOPLIST_FILE = OZHTests/Info.plist;
				LD_RUNPATH_SEARCH_PATHS = "$(inherited) @executable_path/Frameworks @loader_path/Frameworks";
				PRODUCT_BUNDLE_IDENTIFIER = xingshao.OZHTests;
				PRODUCT_NAME = "$(TARGET_NAME)";
				TARGETED_DEVICE_FAMILY = "1,2";
				TEST_HOST = "$(BUILT_PRODUCTS_DIR)/OZH.app/OZH";
			};
			name = Release;
		};
		F33126632073FAE2000AB485 /* Debug */ = {
			isa = XCBuildConfiguration;
			baseConfigurationReference = E26F26B1380297D6D51101D5 /* Pods-OZHUITests.debug.xcconfig */;
			buildSettings = {
				CODE_SIGN_STYLE = Automatic;
				INFOPLIST_FILE = OZHUITests/Info.plist;
				LD_RUNPATH_SEARCH_PATHS = "$(inherited) @executable_path/Frameworks @loader_path/Frameworks";
				PRODUCT_BUNDLE_IDENTIFIER = xingshao.OZHUITests;
				PRODUCT_NAME = "$(TARGET_NAME)";
				TARGETED_DEVICE_FAMILY = "1,2";
				TEST_TARGET_NAME = OZH;
			};
			name = Debug;
		};
		F33126642073FAE2000AB485 /* Release */ = {
			isa = XCBuildConfiguration;
			baseConfigurationReference = 5C32A646153F4157A29AD1A9 /* Pods-OZHUITests.release.xcconfig */;
			buildSettings = {
				CODE_SIGN_STYLE = Automatic;
				INFOPLIST_FILE = OZHUITests/Info.plist;
				LD_RUNPATH_SEARCH_PATHS = "$(inherited) @executable_path/Frameworks @loader_path/Frameworks";
				PRODUCT_BUNDLE_IDENTIFIER = xingshao.OZHUITests;
				PRODUCT_NAME = "$(TARGET_NAME)";
				TARGETED_DEVICE_FAMILY = "1,2";
				TEST_TARGET_NAME = OZH;
			};
			name = Release;
		};
/* End XCBuildConfiguration section */

/* Begin XCConfigurationList section */
		F331262B2073FAE0000AB485 /* Build configuration list for PBXProject "OZH" */ = {
			isa = XCConfigurationList;
			buildConfigurations = (
				F331265A2073FAE2000AB485 /* Debug */,
				F331265B2073FAE2000AB485 /* Release */,
			);
			defaultConfigurationIsVisible = 0;
			defaultConfigurationName = Release;
		};
		F331265C2073FAE2000AB485 /* Build configuration list for PBXNativeTarget "OZH" */ = {
			isa = XCConfigurationList;
			buildConfigurations = (
				F331265D2073FAE2000AB485 /* Debug */,
				F331265E2073FAE2000AB485 /* Release */,
			);
			defaultConfigurationIsVisible = 0;
			defaultConfigurationName = Release;
		};
		F331265F2073FAE2000AB485 /* Build configuration list for PBXNativeTarget "OZHTests" */ = {
			isa = XCConfigurationList;
			buildConfigurations = (
				F33126602073FAE2000AB485 /* Debug */,
				F33126612073FAE2000AB485 /* Release */,
			);
			defaultConfigurationIsVisible = 0;
			defaultConfigurationName = Release;
		};
		F33126622073FAE2000AB485 /* Build configuration list for PBXNativeTarget "OZHUITests" */ = {
			isa = XCConfigurationList;
			buildConfigurations = (
				F33126632073FAE2000AB485 /* Debug */,
				F33126642073FAE2000AB485 /* Release */,
			);
			defaultConfigurationIsVisible = 0;
			defaultConfigurationName = Release;
		};
/* End XCConfigurationList section */
	};
	rootObject = F33126282073FAE0000AB485 /* Project object */;
}
